
Microsoft Visual Studio Solution File, Format Version 12.00
# Visual Studio Version 16
VisualStudioVersion = 16.0.29728.190
MinimumVisualStudioVersion = 10.0.40219.1
Project("{FAE04EC0-301F-11D3-BF4B-00C04F79EFBC}") = "iQurban", "iQurban.csproj", "{7848A411-918F-46A0-820A-47354D0A9549}"
EndProject
Global
	GlobalSection(SolutionConfigurationPlatforms) = preSolution
		Debug|Any CPU = Debug|Any CPU
		Release|Any CPU = Release|Any CPU
	EndGlobalSection
	GlobalSection(ProjectConfigurationPlatforms) = postSolution
		{7848A411-918F-46A0-820A-47354D0A9549}.Debug|Any CPU.ActiveCfg = Debug|Any CPU
		{7848A411-918F-46A0-820A-47354D0A9549}.Debug|Any CPU.Build.0 = Debug|Any CPU
		{7848A411-918F-46A0-820A-47354D0A9549}.Release|Any CPU.ActiveCfg = Release|Any CPU
		{7848A411-918F-46A0-820A-47354D0A9549}.Release|Any CPU.Build.0 = Release|Any CPU
	EndGlobalSection
	GlobalSection(SolutionProperties) = preSolution
		HideSolutionNode = FALSE
	EndGlobalSection
	GlobalSection(ExtensibilityGlobals) = postSolution
		SolutionGuid = {984DA41E-FA23-431F-83C2-00380775D981}
	EndGlobalSection
EndGlobal
